Microsoft Visual Studio Solution File, Format Version 12.00
# Visual Studio Version 17
VisualStudioVersion = 17.0.31903.59
MinimumVisualStudioVersion = 10.0.40219.1
Project("{FAE04EC0-301F-11D3-BF4B-00C04F79EFBC}") = "RA Engine", "RA Engine.csproj", "{D6F8B3A2-1C4E-4A7B-9F3D-2E5A6B7C8D90}"
EndProject
Global
	GlobalSection(SolutionConfigurationPlatforms) = preSolution
		Debug|Any CPU = Debug|Any CPU
		ExportDebug|Any CPU = ExportDebug|Any CPU
		ExportRelease|Any CPU = ExportRelease|Any CPU
	EndGlobalSection
	GlobalSection(ProjectConfigurationPlatforms) = postSolution
		{D6F8B3A2-1C4E-4A7B-9F3D-2E5A6B7C8D90}.Debug|Any CPU.ActiveCfg = Debug|Any CPU
		{D6F8B3A2-1C4E-4A7B-9F3D-2E5A6B7C8D90}.Debug|Any CPU.Build.0 = Debug|Any CPU
		{D6F8B3A2-1C4E-4A7B-9F3D-2E5A6B7C8D90}.ExportDebug|Any CPU.ActiveCfg = ExportDebug|Any CPU
		{D6F8B3A2-1C4E-4A7B-9F3D-2E5A6B7C8D90}.ExportDebug|Any CPU.Build.0 = ExportDebug|Any CPU
		{D6F8B3A2-1C4E-4A7B-9F3D-2E5A6B7C8D90}.ExportRelease|Any CPU.ActiveCfg = ExportRelease|Any CPU
		{D6F8B3A2-1C4E-4A7B-9F3D-2E5A6B7C8D90}.ExportRelease|Any CPU.Build.0 = ExportRelease|Any CPU
	EndGlobalSection
EndGlobal
